// !$*UTF8*$!
{
	archiveVersion = 1;
	classes = {
	};
	objectVersion = 56;
	objects = {

/* Begin PBXBuildFile section */
		5A64CC942A32041E0050ED84 /* MagicScrolleApp.swift in Sources */ = {isa = PBXBuildFile; fileRef = 5A64CC932A32041E0050ED84 /* MagicScrolleApp.swift */; };
		5A64CC962A32041E0050ED84 /* ContentView.swift in Sources */ = {isa = PBXBuildFile; fileRef = 5A64CC952A32041E0050ED84 /* ContentView.swift */; };
		5A64CC982A3204200050ED84 /* Assets.xcassets in Resources */ = {isa = PBXBuildFile; fileRef = 5A64CC972A3204200050ED84 /* Assets.xcassets */; };
		5A64CC9B2A3204200050ED84 /* Preview Assets.xcassets in Resources */ = {isa = PBXBuildFile; fileRef = 5A64CC9A2A3204200050ED84 /* Preview Assets.xcassets */; };
		5A64CCA52A3205230050ED84 /* HandGestureDetector.swift in Sources */ = {isa = PBXBuildFile; fileRef = 5A64CCA42A3205230050ED84 /* HandGestureDetector.swift */; };
		5A64CCA72A3206BE0050ED84 /* HandGestureViewModel.swift in Sources */ = {isa = PBXBuildFile; fileRef = 5A64CCA62A3206BE0050ED84 /* HandGestureViewModel.swift */; };
		5A64CCA92A3207350050ED84 /* CameraView.swift in Sources */ = {isa = PBXBuildFile; fileRef = 5A64CCA82A3207350050ED84 /* CameraView.swift */; };
		5A64CCAB2A3207A50050ED84 /* HandGestureView.swift in Sources */ = {isa = PBXBuildFile; fileRef = 5A64CCAA2A3207A50050ED84 /* HandGestureView.swift */; };
/* End PBXBuildFile section */

/* Begin PBXFileReference section */
		5A64CC902A32041E0050ED84 /* MagicScrolle.app */ = {isa = PBXFileReference; explicitFileType = wrapper.application; includeInIndex = 0; path = MagicScrolle.app; sourceTree = BUILT_PRODUCTS_DIR; };
		5A64CC932A32041E0050ED84 /* MagicScrolleApp.swift */ = {isa = PBXFileReference; lastKnownFileType = sourcecode.swift; path = MagicScrolleApp.swift; sourceTree = "<group>"; };
		5A64CC952A32041E0050ED84 /* ContentView.swift */ = {isa = PBXFileReference; lastKnownFileType = sourcecode.swift; path = ContentView.swift; sourceTree = "<group>"; };
		5A64CC972A3204200050ED84 /* Assets.xcassets */ = {isa = PBXFileReference; lastKnownFileType = folder.assetcatalog; path = Assets.xcassets; sourceTree = "<group>"; };
		5A64CC9A2A3204200050ED84 /* Preview Assets.xcassets */ = {isa = PBXFileReference; lastKnownFileType = folder.assetcatalog; path = "Preview Assets.xcassets"; sourceTree = "<group>"; };
		5A64CCA42A3205230050ED84 /* HandGestureDetector.swift */ = {isa = PBXFileReference; lastKnownFileType = sourcecode.swift; path = HandGestureDetector.swift; sourceTree = "<group>"; };
		5A64CCA62A3206BE0050ED84 /* HandGestureViewModel.swift */ = {isa = PBXFileReference; lastKnownFileType = sourcecode.swift; path = HandGestureViewModel.swift; sourceTree = "<group>"; };
		5A64CCA82A3207350050ED84 /* CameraView.swift */ = {isa = PBXFileReference; lastKnownFileType = sourcecode.swift; path = CameraView.swift; sourceTree = "<group>"; };
		5A64CCAA2A3207A50050ED84 /* HandGestureView.swift */ = {isa = PBXFileReference; lastKnownFileType = sourcecode.swift; path = HandGestureView.swift; sourceTree = "<group>"; };
/* End PBXFileReference section */

/* Begin PBXFrameworksBuildPhase section */
		5A64CC8D2A32041E0050ED84 /* Frameworks */ = {
			isa = PBXFrameworksBuildPhase;
			buildActionMask = 2147483647;
			files = (
			);
			runOnlyForDeploymentPostprocessing = 0;
		};
/* End PBXFrameworksBuildPhase section */

/* Begin PBXGroup section */
		5A64CC872A32041E0050ED84 = {
			isa = PBXGroup;
			children = (
				5A64CC922A32041E0050ED84 /* MagicScrolle */,
				5A64CC912A32041E0050ED84 /* Products */,
			);
			sourceTree = "<group>";
		};
		5A64CC912A32041E0050ED84 /* Products */ = {
			isa = PBXGroup;
			children = (
				5A64CC902A32041E0050ED84 /* MagicScrolle.app */,
			);
			name = Products;
			sourceTree = "<group>";
		};
		5A64CC922A32041E0050ED84 /* MagicScrolle */ = {
			isa = PBXGroup;
			children = (
				5A64CC932A32041E0050ED84 /* MagicScrolleApp.swift */,
				5A64CCA32A3204EE0050ED84 /* View */,
				5A64CCA22A3204E10050ED84 /* ViewModel */,
				5A64CCA12A3204D20050ED84 /* Model */,
				5A64CC972A3204200050ED84 /* Assets.xcassets */,
				5A64CC992A3204200050ED84 /* Preview Content */,
			);
			path = MagicScrolle;
			sourceTree = "<group>";
		};
		5A64CC992A3204200050ED84 /* Preview Content */ = {
			isa = PBXGroup;
			children = (
				5A64CC9A2A3204200050ED84 /* Preview Assets.xcassets */,
			);
			path = "Preview Content";
			sourceTree = "<group>";
		};
		5A64CCA12A3204D20050ED84 /* Model */ = {
			isa = PBXGroup;
			children = (
				5A64CCA42A3205230050ED84 /* HandGestureDetector.swift */,
			);
			path = Model;
			sourceTree = "<group>";
		};
		5A64CCA22A3204E10050ED84 /* ViewModel */ = {
			isa = PBXGroup;
			children = (
				5A64CCA62A3206BE0050ED84 /* HandGestureViewModel.swift */,
			);
			path = ViewModel;
			sourceTree = "<group>";
		};
		5A64CCA32A3204EE0050ED84 /* View */ = {
			isa = PBXGroup;
			children = (
				5A64CC952A32041E0050ED84 /* ContentView.swift */,
				5A64CCAA2A3207A50050ED84 /* HandGestureView.swift */,
				5A64CCA82A3207350050ED84 /* CameraView.swift */,
			);
			path = View;
			sourceTree = "<group>";
		};
/* End PBXGroup section */

/* Begin PBXNativeTarget section */
		5A64CC8F2A32041E0050ED84 /* MagicScrolle */ = {
			isa = PBXNativeTarget;
			buildConfigurationList = 5A64CC9E2A3204200050ED84 /* Build configuration list for PBXNativeTarget "MagicScrolle" */;
			buildPhases = (
				5A64CC8C2A32041E0050ED84 /* Sources */,
				5A64CC8D2A32041E0050ED84 /* Frameworks */,
				5A64CC8E2A32041E0050ED84 /* Resources */,
			);
			buildRules = (
			);
			dependencies = (
			);
			name = MagicScrolle;
			productName = MagicScrolle;
			productReference = 5A64CC902A32041E0050ED84 /* MagicScrolle.app */;
			productType = "com.apple.product-type.application";
		};
/* End PBXNativeTarget section */

/* Begin PBXProject section */
		5A64CC882A32041E0050ED84 /* Project object */ = {
			isa = PBXProject;
			attributes = {
				BuildIndependentTargetsInParallel = 1;
				LastSwiftUpdateCheck = 1420;
				LastUpgradeCheck = 1420;
				TargetAttributes = {
					5A64CC8F2A32041E0050ED84 = {
						CreatedOnToolsVersion = 14.2;
					};
				};
			};
			buildConfigurationList = 5A64CC8B2A32041E0050ED84 /* Build configuration list for PBXProject "MagicScrolle" */;
			compatibilityVersion = "Xcode 14.0";
			developmentRegion = en;
			hasScannedForEncodings = 0;
			knownRegions = (
				en,
				Base,
			);
			mainGroup = 5A64CC872A32041E0050ED84;
			productRefGroup = 5A64CC912A32041E0050ED84 /* Products */;
			projectDirPath = "";
			projectRoot = "";
			targets = (
				5A64CC8F2A32041E0050ED84 /* MagicScrolle */,
			);
		};
/* End PBXProject section */

/* Begin PBXResourcesBuildPhase section */
		5A64CC8E2A32041E0050ED84 /* Resources */ = {
			isa = PBXResourcesBuildPhase;
			buildActionMask = 2147483647;
			files = (
				5A64CC9B2A3204200050ED84 /* Preview Assets.xcassets in Resources */,
				5A64CC982A3204200050ED84 /* Assets.xcassets in Resources */,
			);
			runOnlyForDeploymentPostprocessing = 0;
		};
/* End PBXResourcesBuildPhase section */

/* Begin PBXSourcesBuildPhase section */
		5A64CC8C2A32041E0050ED84 /* Sources */ = {
			isa = PBXSourcesBuildPhase;
			buildActionMask = 2147483647;
			files = (
				5A64CC962A32041E0050ED84 /* ContentView.swift in Sources */,
				5A64CCAB2A3207A50050ED84 /* HandGestureView.swift in Sources */,
				5A64CC942A32041E0050ED84 /* MagicScrolleApp.swift in Sources */,
				5A64CCA52A3205230050ED84 /* HandGestureDetector.swift in Sources */,
				5A64CCA92A3207350050ED84 /* CameraView.swift in Sources */,
				5A64CCA72A3206BE0050ED84 /* HandGestureViewModel.swift in Sources */,
			);
			runOnlyForDeploymentPostprocessing = 0;
		};
/* End PBXSourcesBuildPhase section */

/* Begin XCBuildConfiguration section */
		5A64CC9C2A3204200050ED84 /* Debug */ = {
			isa = XCBuildConfiguration;
			buildSettings = {
				ALWAYS_SEARCH_USER_PATHS = NO;
				CLANG_ANALYZER_NONNULL = YES;
				CLANG_ANALYZER_NUMBER_OBJECT_CONVERSION = YES_AGGRESSIVE;
				CLANG_CXX_LANGUAGE_STANDARD = "gnu++20";
				CLANG_ENABLE_MODULES = YES;
				CLANG_ENABLE_OBJC_ARC = YES;
				CLANG_ENABLE_OBJC_WEAK = YES;
				CLANG_WARN_BLOCK_CAPTURE_AUTORELEASING = YES;
				CLANG_WARN_BOOL_CONVERSION = YES;
				CLANG_WARN_COMMA = YES;
				CLANG_WARN_CONSTANT_CONVERSION = YES;
				CLANG_WARN_DEPRECATED_OBJC_IMPLEMENTATIONS = YES;
				CLANG_WARN_DIRECT_OBJC_ISA_USAGE = YES_ERROR;
				CLANG_WARN_DOCUMENTATION_COMMENTS = YES;
				CLANG_WARN_EMPTY_BODY = YES;
				CLANG_WARN_ENUM_CONVERSION = YES;
				CLANG_WARN_INFINITE_RECURSION = YES;
				CLANG_WARN_INT_CONVERSION = YES;
				CLANG_WARN_NON_LITERAL_NULL_CONVERSION = YES;
				CLANG_WARN_OBJC_IMPLICIT_RETAIN_SELF = YES;
				CLANG_WARN_OBJC_LITERAL_CONVERSION = YES;
				CLANG_WARN_OBJC_ROOT_CLASS = YES_ERROR;
				CLANG_WARN_QUOTED_INCLUDE_IN_FRAMEWORK_HEADER = YES;
				CLANG_WARN_RANGE_LOOP_ANALYSIS = YES;
				CLANG_WARN_STRICT_PROTOTYPES = YES;
				CLANG_WARN_SUSPICIOUS_MOVE = YES;
				CLANG_WARN_UNGUARDED_AVAILABILITY = YES_AGGRESSIVE;
				CLANG_WARN_UNREACHABLE_CODE = YES;
				CLANG_WARN__DUPLICATE_METHOD_MATCH = YES;
				COPY_PHASE_STRIP = NO;
				DEBUG_INFORMATION_FORMAT = dwarf;
				ENABLE_STRICT_OBJC_MSGSEND = YES;
				ENABLE_TESTABILITY = YES;
				GCC_C_LANGUAGE_STANDARD = gnu11;
				GCC_DYNAMIC_NO_PIC = NO;
				GCC_NO_COMMON_BLOCKS = YES;
				GCC_OPTIMIZATION_LEVEL = 0;
				GCC_PREPROCESSOR_DEFINITIONS = (
					"DEBUG=1",
					"$(inherited)",
				);
				GCC_WARN_64_TO_32_BIT_CONVERSION = YES;
				GCC_WARN_ABOUT_RETURN_TYPE = YES_ERROR;
				GCC_WARN_UNDECLARED_SELECTOR = YES;
				GCC_WARN_UNINITIALIZED_AUTOS = YES_AGGRESSIVE;
				GCC_WARN_UNUSED_FUNCTION = YES;
				GCC_WARN_UNUSED_VARIABLE = YES;
				IPHONEOS_DEPLOYMENT_TARGET = 16.2;
				MTL_ENABLE_DEBUG_INFO = INCLUDE_SOURCE;
				MTL_FAST_MATH = YES;
				ONLY_ACTIVE_ARCH = YES;
				SDKROOT = iphoneos;
				SWIFT_ACTIVE_COMPILATION_CONDITIONS = DEBUG;
				SWIFT_OPTIMIZATION_LEVEL = "-Onone";
			};
			name = Debug;
		};
		5A64CC9D2A3204200050ED84 /* Release */ = {
			isa = XCBuildConfiguration;
			buildSettings = {
				ALWAYS_SEARCH_USER_PATHS = NO;
				CLANG_ANALYZER_NONNULL = YES;
				CLANG_ANALYZER_NUMBER_OBJECT_CONVERSION = YES_AGGRESSIVE;
				CLANG_CXX_LANGUAGE_STANDARD = "gnu++20";
				CLANG_ENABLE_MODULES = YES;
				CLANG_ENABLE_OBJC_ARC = YES;
				CLANG_ENABLE_OBJC_WEAK = YES;
				CLANG_WARN_BLOCK_CAPTURE_AUTORELEASING = YES;
				CLANG_WARN_BOOL_CONVERSION = YES;
				CLANG_WARN_COMMA = YES;
				CLANG_WARN_CONSTANT_CONVERSION = YES;
				CLANG_WARN_DEPRECATED_OBJC_IMPLEMENTATIONS = YES;
				CLANG_WARN_DIRECT_OBJC_ISA_USAGE = YES_ERROR;
				CLANG_WARN_DOCUMENTATION_COMMENTS = YES;
				CLANG_WARN_EMPTY_BODY = YES;
				CLANG_WARN_ENUM_CONVERSION = YES;
				CLANG_WARN_INFINITE_RECURSION = YES;
				CLANG_WARN_INT_CONVERSION = YES;
				CLANG_WARN_NON_LITERAL_NULL_CONVERSION = YES;
				CLANG_WARN_OBJC_IMPLICIT_RETAIN_SELF = YES;
				CLANG_WARN_OBJC_LITERAL_CONVERSION = YES;
				CLANG_WARN_OBJC_ROOT_CLASS = YES_ERROR;
				CLANG_WARN_QUOTED_INCLUDE_IN_FRAMEWORK_HEADER = YES;
				CLANG_WARN_RANGE_LOOP_ANALYSIS = YES;
				CLANG_WARN_STRICT_PROTOTYPES = YES;
				CLANG_WARN_SUSPICIOUS_MOVE = YES;
				CLANG_WARN_UNGUARDED_AVAILABILITY = YES_AGGRESSIVE;
				CLANG_WARN_UNREACHABLE_CODE = YES;
				CLANG_WARN__DUPLICATE_METHOD_MATCH = YES;
				COPY_PHASE_STRIP = NO;
				DEBUG_INFORMATION_FORMAT = "dwarf-with-dsym";
				ENABLE_NS_ASSERTIONS = NO;
				ENABLE_STRICT_OBJC_MSGSEND = YES;
				GCC_C_LANGUAGE_STANDARD = gnu11;
				GCC_NO_COMMON_BLOCKS = YES;
				GCC_WARN_64_TO_32_BIT_CONVERSION = YES;
				GCC_WARN_ABOUT_RETURN_TYPE = YES_ERROR;
				GCC_WARN_UNDECLARED_SELECTOR = YES;
				GCC_WARN_UNINITIALIZED_AUTOS = YES_AGGRESSIVE;
				GCC_WARN_UNUSED_FUNCTION = YES;
				GCC_WARN_UNUSED_VARIABLE = YES;
				IPHONEOS_DEPLOYMENT_TARGET = 16.2;
				MTL_ENABLE_DEBUG_INFO = NO;
				MTL_FAST_MATH = YES;
				SDKROOT = iphoneos;
				SWIFT_COMPILATION_MODE = wholemodule;
				SWIFT_OPTIMIZATION_LEVEL = "-O";
				VALIDATE_PRODUCT = YES;
			};
			name = Release;
		};
		5A64CC9F2A3204200050ED84 /* Debug */ = {
			isa = XCBuildConfiguration;
			buildSettings = {
				ASSETCATALOG_COMPILER_APPICON_NAME = AppIcon;
				ASSETCATALOG_COMPILER_GLOBAL_ACCENT_COLOR_NAME = AccentColor;
				CODE_SIGN_STYLE = Automatic;
				CURRENT_PROJECT_VERSION = 1;
				DEVELOPMENT_ASSET_PATHS = "\"MagicScrolle/Preview Content\"";
				DEVELOPMENT_TEAM = 254E5TZV4C;
				ENABLE_PREVIEWS = YES;
				GENERATE_INFOPLIST_FILE = YES;
				INFOPLIST_KEY_UIApplicationSceneManifest_Generation = YES;
				INFOPLIST_KEY_UIApplicationSupportsIndirectInputEvents = YES;
				INFOPLIST_KEY_UILaunchScreen_Generation = YES;
				INFOPLIST_KEY_UISupportedInterfaceOrientations_iPad = "UIInterfaceOrientationPortrait UIInterfaceOrientationPortraitUpsideDown UIInterfaceOrientationLandscapeLeft UIInterfaceOrientationLandscapeRight";
				INFOPLIST_KEY_UISupportedInterfaceOrientations_iPhone = "UIInterfaceOrientationPortrait UIInterfaceOrientationLandscapeLeft UIInterfaceOrientationLandscapeRight";
				LD_RUNPATH_SEARCH_PATHS = (
					"$(inherited)",
					"@executable_path/Frameworks",
				);
				MARKETING_VERSION = 1.0;
				PRODUCT_BUNDLE_IDENTIFIER = ryumagicryu.MagicScrolle;
				PRODUCT_NAME = "$(TARGET_NAME)";
				SWIFT_EMIT_LOC_STRINGS = YES;
				SWIFT_VERSION = 5.0;
				TARGETED_DEVICE_FAMILY = "1,2";
			};
			name = Debug;
		};
		5A64CCA02A3204200050ED84 /* Release */ = {
			isa = XCBuildConfiguration;
			buildSettings = {
				ASSETCATALOG_COMPILER_APPICON_NAME = AppIcon;
				ASSETCATALOG_COMPILER_GLOBAL_ACCENT_COLOR_NAME = AccentColor;
				CODE_SIGN_STYLE = Automatic;
				CURRENT_PROJECT_VERSION = 1;
				DEVELOPMENT_ASSET_PATHS = "\"MagicScrolle/Preview Content\"";
				DEVELOPMENT_TEAM = 254E5TZV4C;
				ENABLE_PREVIEWS = YES;
				GENERATE_INFOPLIST_FILE = YES;
				INFOPLIST_KEY_UIApplicationSceneManifest_Generation = YES;
				INFOPLIST_KEY_UIApplicationSupportsIndirectInputEvents = YES;
				INFOPLIST_KEY_UILaunchScreen_Generation = YES;
				INFOPLIST_KEY_UISupportedInterfaceOrientations_iPad = "UIInterfaceOrientationPortrait UIInterfaceOrientationPortraitUpsideDown UIInterfaceOrientationLandscapeLeft UIInterfaceOrientationLandscapeRight";
				INFOPLIST_KEY_UISupportedInterfaceOrientations_iPhone = "UIInterfaceOrientationPortrait UIInterfaceOrientationLandscapeLeft UIInterfaceOrientationLandscapeRight";
				LD_RUNPATH_SEARCH_PATHS = (
					"$(inherited)",
					"@executable_path/Frameworks",
				);
				MARKETING_VERSION = 1.0;
				PRODUCT_BUNDLE_IDENTIFIER = ryumagicryu.MagicScrolle;
				PRODUCT_NAME = "$(TARGET_NAME)";
				SWIFT_EMIT_LOC_STRINGS = YES;
				SWIFT_VERSION = 5.0;
				TARGETED_DEVICE_FAMILY = "1,2";
			};
			name = Release;
		};
/* End XCBuildConfiguration section */

/* Begin XCConfigurationList section */
		5A64CC8B2A32041E0050ED84 /* Build configuration list for PBXProject "MagicScrolle" */ = {
			isa = XCConfigurationList;
			buildConfigurations = (
				5A64CC9C2A3204200050ED84 /* Debug */,
				5A64CC9D2A3204200050ED84 /* Release */,
			);
			defaultConfigurationIsVisible = 0;
			defaultConfigurationName = Release;
		};
		5A64CC9E2A3204200050ED84 /* Build configuration list for PBXNativeTarget "MagicScrolle" */ = {
			isa = XCConfigurationList;
			buildConfigurations = (
				5A64CC9F2A3204200050ED84 /* Debug */,
				5A64CCA02A3204200050ED84 /* Release */,
			);
			defaultConfigurationIsVisible = 0;
			defaultConfigurationName = Release;
		};
/* End XCConfigurationList section */
	};
	rootObject = 5A64CC882A32041E0050ED84 /* Project object */;
}
